
Microsoft Visual Studio Solution File, Format Version 12.00
# Visual Studio Version 17
VisualStudioVersion = 17.0.31903.59
MinimumVisualStudioVersion = 10.0.40219.1
Project("{9A19103F-16F7-4668-BE54-9A1E7A4F7556}") = "ProductService", "ProductService\ProductService.csproj", "{93D7258A-7027-4C69-8215-0EFA53CA8F6E}"
EndProject
Project("{9A19103F-16F7-4668-BE54-9A1E7A4F7556}") = "OrderService", "OrderService\OrderService.csproj", "{7088BB16-E449-4321-AB68-9FCBDE60F968}"
EndProject
Project("{9A19103F-16F7-4668-BE54-9A1E7A4F7556}") = "PaymentService", "PaymentService\PaymentService.csproj", "{6367495C-E2D0-456B-B185-8122D89A3CA2}"
EndProject
Project("{9A19103F-16F7-4668-BE54-9A1E7A4F7556}") = "InventoryService", "InventoryService\InventoryService.csproj", "{55B42EB5-899C-4017-B0CB-437419654A85}"
EndProject
Project("{9A19103F-16F7-4668-BE54-9A1E7A4F7556}") = "NotificationService", "NotificationService\NotificationService.csproj", "{4E585BC7-7BC2-4BE8-8C9E-C2CF1683C51C}"
EndProject
Project("{9A19103F-16F7-4668-BE54-9A1E7A4F7556}") = "ApiGateway", "ApiGateway\ApiGateway.csproj", "{B9E22B90-5B65-4D6C-8F9A-49F09DCECF66}"
EndProject
Project("{9A19103F-16F7-4668-BE54-9A1E7A4F7556}") = "ProductService.Tests", "ProductService.Tests\ProductService.Tests.csproj", "{FEF86902-6DC0-4C4E-A253-B60D58A5CACE}"
EndProject
Project("{9A19103F-16F7-4668-BE54-9A1E7A4F7556}") = "OrderService.Tests", "OrderService.Tests\OrderService.Tests.csproj", "{9FEC3D95-C8A2-429E-9A46-837252672545}"
EndProject
Project("{9A19103F-16F7-4668-BE54-9A1E7A4F7556}") = "UserManagementService", "UserManagementService\UserManagementService.csproj", "{A22DDDCC-E4D8-44A4-B9A8-1E94E414ECA1}"
EndProject
Project("{9A19103F-16F7-4668-BE54-9A1E7A4F7556}") = "UserManagementService.Tests", "UserManagementService.Tests\UserManagementService.Tests.csproj", "{FCD91E50-A6AD-44FD-93B2-2E02EC90D867}"
EndProject
Global
	GlobalSection(SolutionConfigurationPlatforms) = preSolution
		Debug|Any CPU = Debug|Any CPU
		Release|Any CPU = Release|Any CPU
	EndGlobalSection
	GlobalSection(ProjectConfigurationPlatforms) = postSolution
		{93D7258A-7027-4C69-8215-0EFA53CA8F6E}.Debug|Any CPU.ActiveCfg = Debug|Any CPU
		{93D7258A-7027-4C69-8215-0EFA53CA8F6E}.Debug|Any CPU.Build.0 = Debug|Any CPU
		{93D7258A-7027-4C69-8215-0EFA53CA8F6E}.Release|Any CPU.ActiveCfg = Release|Any CPU
		{93D7258A-7027-4C69-8215-0EFA53CA8F6E}.Release|Any CPU.Build.0 = Release|Any CPU
		{7088BB16-E449-4321-AB68-9FCBDE60F968}.Debug|Any CPU.ActiveCfg = Debug|Any CPU
		{7088BB16-E449-4321-AB68-9FCBDE60F968}.Debug|Any CPU.Build.0 = Debug|Any CPU
		{7088BB16-E449-4321-AB68-9FCBDE60F968}.Release|Any CPU.ActiveCfg = Release|Any CPU
		{7088BB16-E449-4321-AB68-9FCBDE60F968}.Release|Any CPU.Build.0 = Release|Any CPU
		{6367495C-E2D0-456B-B185-8122D89A3CA2}.Debug|Any CPU.ActiveCfg = Debug|Any CPU
		{6367495C-E2D0-456B-B185-8122D89A3CA2}.Debug|Any CPU.Build.0 = Debug|Any CPU
		{6367495C-E2D0-456B-B185-8122D89A3CA2}.Release|Any CPU.ActiveCfg = Release|Any CPU
		{6367495C-E2D0-456B-B185-8122D89A3CA2}.Release|Any CPU.Build.0 = Release|Any CPU
		{55B42EB5-899C-4017-B0CB-437419654A85}.Debug|Any CPU.ActiveCfg = Debug|Any CPU
		{55B42EB5-899C-4017-B0CB-437419654A85}.Debug|Any CPU.Build.0 = Debug|Any CPU
		{55B42EB5-899C-4017-B0CB-437419654A85}.Release|Any CPU.ActiveCfg = Release|Any CPU
		{55B42EB5-899C-4017-B0CB-437419654A85}.Release|Any CPU.Build.0 = Release|Any CPU
		{4E585BC7-7BC2-4BE8-8C9E-C2CF1683C51C}.Debug|Any CPU.ActiveCfg = Debug|Any CPU
		{4E585BC7-7BC2-4BE8-8C9E-C2CF1683C51C}.Debug|Any CPU.Build.0 = Debug|Any CPU
		{4E585BC7-7BC2-4BE8-8C9E-C2CF1683C51C}.Release|Any CPU.ActiveCfg = Release|Any CPU
		{4E585BC7-7BC2-4BE8-8C9E-C2CF1683C51C}.Release|Any CPU.Build.0 = Release|Any CPU
		{B9E22B90-5B65-4D6C-8F9A-49F09DCECF66}.Debug|Any CPU.ActiveCfg = Debug|Any CPU
		{B9E22B90-5B65-4D6C-8F9A-49F09DCECF66}.Debug|Any CPU.Build.0 = Debug|Any CPU
		{B9E22B90-5B65-4D6C-8F9A-49F09DCECF66}.Release|Any CPU.ActiveCfg = Release|Any CPU
		{B9E22B90-5B65-4D6C-8F9A-49F09DCECF66}.Release|Any CPU.Build.0 = Release|Any CPU
		{FEF86902-6DC0-4C4E-A253-B60D58A5CACE}.Debug|Any CPU.ActiveCfg = Debug|Any CPU
		{FEF86902-6DC0-4C4E-A253-B60D58A5CACE}.Debug|Any CPU.Build.0 = Debug|Any CPU
		{FEF86902-6DC0-4C4E-A253-B60D58A5CACE}.Release|Any CPU.ActiveCfg = Release|Any CPU
		{FEF86902-6DC0-4C4E-A253-B60D58A5CACE}.Release|Any CPU.Build.0 = Release|Any CPU
		{9FEC3D95-C8A2-429E-9A46-837252672545}.Debug|Any CPU.ActiveCfg = Debug|Any CPU
		{9FEC3D95-C8A2-429E-9A46-837252672545}.Debug|Any CPU.Build.0 = Debug|Any CPU
		{9FEC3D95-C8A2-429E-9A46-837252672545}.Release|Any CPU.ActiveCfg = Release|Any CPU
		{9FEC3D95-C8A2-429E-9A46-837252672545}.Release|Any CPU.Build.0 = Release|Any CPU
		{A22DDDCC-E4D8-44A4-B9A8-1E94E414ECA1}.Debug|Any CPU.ActiveCfg = Debug|Any CPU
		{A22DDDCC-E4D8-44A4-B9A8-1E94E414ECA1}.Debug|Any CPU.Build.0 = Debug|Any CPU
		{A22DDDCC-E4D8-44A4-B9A8-1E94E414ECA1}.Release|Any CPU.ActiveCfg = Release|Any CPU
		{A22DDDCC-E4D8-44A4-B9A8-1E94E414ECA1}.Release|Any CPU.Build.0 = Release|Any CPU
		{FCD91E50-A6AD-44FD-93B2-2E02EC90D867}.Debug|Any CPU.ActiveCfg = Debug|Any CPU
		{FCD91E50-A6AD-44FD-93B2-2E02EC90D867}.Debug|Any CPU.Build.0 = Debug|Any CPU
		{FCD91E50-A6AD-44FD-93B2-2E02EC90D867}.Release|Any CPU.ActiveCfg = Release|Any CPU
		{FCD91E50-A6AD-44FD-93B2-2E02EC90D867}.Release|Any CPU.Build.0 = Release|Any CPU
	EndGlobalSection
	GlobalSection(SolutionProperties) = preSolution
		HideSolutionNode = FALSE
	EndGlobalSection
	GlobalSection(ExtensibilityGlobals) = postSolution
		SolutionGuid = {0802C7CC-480E-4356-A590-0729F26BD1D1}
	EndGlobalSection
EndGlobal
